{
  "name": "Cointoss",
  "lockfileVersion": 2,
  "requires": true,
  "packages": {
    "": {
      "dependencies": {
        "lru-cache": "^7.14.1"
      }
    },
    "node_modules/lru-cache": {
      "version": "7.14.1",
      "resolved": "https://registry.npmjs.org/lru-cache/-/lru-cache-7.14.1.tgz",
      "integrity": "sha512-ysxwsnTKdAx96aTRdhDOCQfDgbHnt8SK0KY8SEjO0wHinhWOFTESbjVCMPbU1uGXg/ch4lifqx0wfjOawU2+WA==",
      "engines": {
        "node": ">=12"
      }
    }
  },
  "dependencies": {
    "lru-cache": {
      "version": "7.14.1",
      "resolved": "https://registry.npmjs.org/lru-cache/-/lru-cache-7.14.1.tgz",
      "integrity": "sha512-ysxwsnTKdAx96aTRdhDOCQfDgbHnt8SK0KY8SEjO0wHinhWOFTESbjVCMPbU1uGXg/ch4lifqx0wfjOawU2+WA=="
    }
  }
}
